
Microsoft Visual Studio Solution File, Format Version 12.00
# Visual Studio Version 17
VisualStudioVersion = 17.13.35617.110 d17.13
MinimumVisualStudioVersion = 10.0.40219.1
Project("{FAE04EC0-301F-11D3-BF4B-00C04F79EFBC}") = "Keros", "Keros\Keros.csproj", "{BC970A95-C5F1-4FA7-9D8F-C2F9A146022B}"
EndProject
Global
	GlobalSection(SolutionConfigurationPlatforms) = preSolution
		Debug|Any CPU = Debug|Any CPU
		Release|Any CPU = Release|Any CPU
	EndGlobalSection
	GlobalSection(ProjectConfigurationPlatforms) = postSolution
		{BC970A95-C5F1-4FA7-9D8F-C2F9A146022B}.Debug|Any CPU.ActiveCfg = Debug|Any CPU
		{BC970A95-C5F1-4FA7-9D8F-C2F9A146022B}.Debug|Any CPU.Build.0 = Debug|Any CPU
		{BC970A95-C5F1-4FA7-9D8F-C2F9A146022B}.Release|Any CPU.ActiveCfg = Release|Any CPU
		{BC970A95-C5F1-4FA7-9D8F-C2F9A146022B}.Release|Any CPU.Build.0 = Release|Any CPU
	EndGlobalSection
	GlobalSection(SolutionProperties) = preSolution
		HideSolutionNode = FALSE
	EndGlobalSection
	GlobalSection(ExtensibilityGlobals) = postSolution
		SolutionGuid = {E09D4A03-2AFD-49C6-9F12-880E086355D6}
	EndGlobalSection
EndGlobal
